
Microsoft Visual Studio Solution File, Format Version 12.00
Project("{FAE04EC0-301F-11D3-BF4B-00C04F79EFBC}") = "EntityFrameworkRepository.Web", "EntityFrameworkRepository.Web\EntityFrameworkRepository.Web.csproj", "{7C533122-578C-46F0-A07D-850D39111E67}"
EndProject
Project("{FAE04EC0-301F-11D3-BF4B-00C04F79EFBC}") = "EntityFrameworkRepository.Core", "EntityFrameworkRepository.Core\EntityFrameworkRepository.Core.csproj", "{BA9DFE76-BEF0-4AFB-8125-6D331661B767}"
EndProject
Project("{FAE04EC0-301F-11D3-BF4B-00C04F79EFBC}") = "EntityFrameworkRepository.Service.Logger", "EntityFrameworkRepository.Service.Logger\EntityFrameworkRepository.Service.Logger.csproj", "{B6F5C832-5D1B-4231-8FD0-17B979BFC4CC}"
EndProject
Project("{FAE04EC0-301F-11D3-BF4B-00C04F79EFBC}") = "EntityFrameworkRepository.Repository", "EntityFrameworkRepository.Repository\EntityFrameworkRepository.Repository.csproj", "{2BA18BCE-CDFE-4A37-9478-5D593102E276}"
EndProject
Global
	GlobalSection(SolutionConfigurationPlatforms) = preSolution
		Debug|Any CPU = Debug|Any CPU
		Release|Any CPU = Release|Any CPU
	EndGlobalSection
	GlobalSection(ProjectConfigurationPlatforms) = postSolution
		{7C533122-578C-46F0-A07D-850D39111E67}.Debug|Any CPU.ActiveCfg = Debug|Any CPU
		{7C533122-578C-46F0-A07D-850D39111E67}.Debug|Any CPU.Build.0 = Debug|Any CPU
		{7C533122-578C-46F0-A07D-850D39111E67}.Release|Any CPU.ActiveCfg = Release|Any CPU
		{7C533122-578C-46F0-A07D-850D39111E67}.Release|Any CPU.Build.0 = Release|Any CPU
		{BA9DFE76-BEF0-4AFB-8125-6D331661B767}.Debug|Any CPU.ActiveCfg = Debug|Any CPU
		{BA9DFE76-BEF0-4AFB-8125-6D331661B767}.Debug|Any CPU.Build.0 = Debug|Any CPU
		{BA9DFE76-BEF0-4AFB-8125-6D331661B767}.Release|Any CPU.ActiveCfg = Release|Any CPU
		{BA9DFE76-BEF0-4AFB-8125-6D331661B767}.Release|Any CPU.Build.0 = Release|Any CPU
		{B6F5C832-5D1B-4231-8FD0-17B979BFC4CC}.Debug|Any CPU.ActiveCfg = Debug|Any CPU
		{B6F5C832-5D1B-4231-8FD0-17B979BFC4CC}.Debug|Any CPU.Build.0 = Debug|Any CPU
		{B6F5C832-5D1B-4231-8FD0-17B979BFC4CC}.Release|Any CPU.ActiveCfg = Release|Any CPU
		{B6F5C832-5D1B-4231-8FD0-17B979BFC4CC}.Release|Any CPU.Build.0 = Release|Any CPU
		{2BA18BCE-CDFE-4A37-9478-5D593102E276}.Debug|Any CPU.ActiveCfg = Debug|Any CPU
		{2BA18BCE-CDFE-4A37-9478-5D593102E276}.Debug|Any CPU.Build.0 = Debug|Any CPU
		{2BA18BCE-CDFE-4A37-9478-5D593102E276}.Release|Any CPU.ActiveCfg = Release|Any CPU
		{2BA18BCE-CDFE-4A37-9478-5D593102E276}.Release|Any CPU.Build.0 = Release|Any CPU
	EndGlobalSection
EndGlobal
